
Microsoft Visual Studio Solution File, Format Version 12.00
# Visual Studio Version 16
VisualStudioVersion = 16.0.30011.22
MinimumVisualStudioVersion = 10.0.40219.1
Project("{FAE04EC0-301F-11D3-BF4B-00C04F79EFBC}") = "Thread_Basic", "Thread_Basic\Thread_Basic.csproj", "{14414BC5-1EB3-4C06-8BA4-0A1265179E4B}"
EndProject
Project("{FAE04EC0-301F-11D3-BF4B-00C04F79EFBC}") = "Thread_StartEnd", "Thread_StartEnd\Thread_StartEnd.csproj", "{81AF81C4-7E68-4DA1-986D-230A5C53B2BC}"
EndProject
Project("{FAE04EC0-301F-11D3-BF4B-00C04F79EFBC}") = "Thread_Pools", "Thread_Pools\Thread_Pools.csproj", "{05AE9982-CE62-423C-A2CA-F83D949BA692}"
EndProject
Project("{FAE04EC0-301F-11D3-BF4B-00C04F79EFBC}") = "Thread_Alive", "Thread_Alive\Thread_Alive.csproj", "{D94B99BD-0092-4818-BD71-B874749FEC7D}"
EndProject
Project("{FAE04EC0-301F-11D3-BF4B-00C04F79EFBC}") = "Thread_Wpf", "Thread_Wpf\Thread_Wpf.csproj", "{9BA57ED6-9FB0-439F-AE03-F58726D0E5BE}"
EndProject
Global
	GlobalSection(SolutionConfigurationPlatforms) = preSolution
		Debug|Any CPU = Debug|Any CPU
		Release|Any CPU = Release|Any CPU
	EndGlobalSection
	GlobalSection(ProjectConfigurationPlatforms) = postSolution
		{14414BC5-1EB3-4C06-8BA4-0A1265179E4B}.Debug|Any CPU.ActiveCfg = Debug|Any CPU
		{14414BC5-1EB3-4C06-8BA4-0A1265179E4B}.Debug|Any CPU.Build.0 = Debug|Any CPU
		{14414BC5-1EB3-4C06-8BA4-0A1265179E4B}.Release|Any CPU.ActiveCfg = Release|Any CPU
		{14414BC5-1EB3-4C06-8BA4-0A1265179E4B}.Release|Any CPU.Build.0 = Release|Any CPU
		{81AF81C4-7E68-4DA1-986D-230A5C53B2BC}.Debug|Any CPU.ActiveCfg = Debug|Any CPU
		{81AF81C4-7E68-4DA1-986D-230A5C53B2BC}.Debug|Any CPU.Build.0 = Debug|Any CPU
		{81AF81C4-7E68-4DA1-986D-230A5C53B2BC}.Release|Any CPU.ActiveCfg = Release|Any CPU
		{81AF81C4-7E68-4DA1-986D-230A5C53B2BC}.Release|Any CPU.Build.0 = Release|Any CPU
		{05AE9982-CE62-423C-A2CA-F83D949BA692}.Debug|Any CPU.ActiveCfg = Debug|Any CPU
		{05AE9982-CE62-423C-A2CA-F83D949BA692}.Debug|Any CPU.Build.0 = Debug|Any CPU
		{05AE9982-CE62-423C-A2CA-F83D949BA692}.Release|Any CPU.ActiveCfg = Release|Any CPU
		{05AE9982-CE62-423C-A2CA-F83D949BA692}.Release|Any CPU.Build.0 = Release|Any CPU
		{D94B99BD-0092-4818-BD71-B874749FEC7D}.Debug|Any CPU.ActiveCfg = Debug|Any CPU
		{D94B99BD-0092-4818-BD71-B874749FEC7D}.Debug|Any CPU.Build.0 = Debug|Any CPU
		{D94B99BD-0092-4818-BD71-B874749FEC7D}.Release|Any CPU.ActiveCfg = Release|Any CPU
		{D94B99BD-0092-4818-BD71-B874749FEC7D}.Release|Any CPU.Build.0 = Release|Any CPU
		{9BA57ED6-9FB0-439F-AE03-F58726D0E5BE}.Debug|Any CPU.ActiveCfg = Debug|Any CPU
		{9BA57ED6-9FB0-439F-AE03-F58726D0E5BE}.Debug|Any CPU.Build.0 = Debug|Any CPU
		{9BA57ED6-9FB0-439F-AE03-F58726D0E5BE}.Release|Any CPU.ActiveCfg = Release|Any CPU
		{9BA57ED6-9FB0-439F-AE03-F58726D0E5BE}.Release|Any CPU.Build.0 = Release|Any CPU
	EndGlobalSection
	GlobalSection(SolutionProperties) = preSolution
		HideSolutionNode = FALSE
	EndGlobalSection
	GlobalSection(ExtensibilityGlobals) = postSolution
		SolutionGuid = {17071F03-C28E-4C80-876B-4158E2EF9B82}
	EndGlobalSection
EndGlobal
