
Microsoft Visual Studio Solution File, Format Version 12.00
# Visual Studio Version 16
VisualStudioVersion = 16.0.30011.22
MinimumVisualStudioVersion = 10.0.40219.1
Project("{FAE04EC0-301F-11D3-BF4B-00C04F79EFBC}") = "Linq", "Linq\Linq.csproj", "{A68B964C-2198-4189-83EE-8F5F6453E0D5}"
EndProject
Project("{FAE04EC0-301F-11D3-BF4B-00C04F79EFBC}") = "Linq_StudentManager", "Linq_StudentManager\Linq_StudentManager.csproj", "{26B0C082-623E-471E-8836-78B80BD62BB3}"
EndProject
Project("{FAE04EC0-301F-11D3-BF4B-00C04F79EFBC}") = "Linq_WithXml", "Linq_WithXml\Linq_WithXml.csproj", "{1F5F2687-2984-4590-832B-C75D8D1F687C}"
EndProject
Project("{FAE04EC0-301F-11D3-BF4B-00C04F79EFBC}") = "Linq_ToSQL", "Linq_ToSQL\Linq_ToSQL.csproj", "{38E67E5F-C5F0-48F7-8F0F-966DEBD92166}"
EndProject
Global
	GlobalSection(SolutionConfigurationPlatforms) = preSolution
		Debug|Any CPU = Debug|Any CPU
		Release|Any CPU = Release|Any CPU
	EndGlobalSection
	GlobalSection(ProjectConfigurationPlatforms) = postSolution
		{A68B964C-2198-4189-83EE-8F5F6453E0D5}.Debug|Any CPU.ActiveCfg = Debug|Any CPU
		{A68B964C-2198-4189-83EE-8F5F6453E0D5}.Debug|Any CPU.Build.0 = Debug|Any CPU
		{A68B964C-2198-4189-83EE-8F5F6453E0D5}.Release|Any CPU.ActiveCfg = Release|Any CPU
		{A68B964C-2198-4189-83EE-8F5F6453E0D5}.Release|Any CPU.Build.0 = Release|Any CPU
		{26B0C082-623E-471E-8836-78B80BD62BB3}.Debug|Any CPU.ActiveCfg = Debug|Any CPU
		{26B0C082-623E-471E-8836-78B80BD62BB3}.Debug|Any CPU.Build.0 = Debug|Any CPU
		{26B0C082-623E-471E-8836-78B80BD62BB3}.Release|Any CPU.ActiveCfg = Release|Any CPU
		{26B0C082-623E-471E-8836-78B80BD62BB3}.Release|Any CPU.Build.0 = Release|Any CPU
		{1F5F2687-2984-4590-832B-C75D8D1F687C}.Debug|Any CPU.ActiveCfg = Debug|Any CPU
		{1F5F2687-2984-4590-832B-C75D8D1F687C}.Debug|Any CPU.Build.0 = Debug|Any CPU
		{1F5F2687-2984-4590-832B-C75D8D1F687C}.Release|Any CPU.ActiveCfg = Release|Any CPU
		{1F5F2687-2984-4590-832B-C75D8D1F687C}.Release|Any CPU.Build.0 = Release|Any CPU
		{38E67E5F-C5F0-48F7-8F0F-966DEBD92166}.Debug|Any CPU.ActiveCfg = Debug|Any CPU
		{38E67E5F-C5F0-48F7-8F0F-966DEBD92166}.Debug|Any CPU.Build.0 = Debug|Any CPU
		{38E67E5F-C5F0-48F7-8F0F-966DEBD92166}.Release|Any CPU.ActiveCfg = Release|Any CPU
		{38E67E5F-C5F0-48F7-8F0F-966DEBD92166}.Release|Any CPU.Build.0 = Release|Any CPU
	EndGlobalSection
	GlobalSection(SolutionProperties) = preSolution
		HideSolutionNode = FALSE
	EndGlobalSection
	GlobalSection(ExtensibilityGlobals) = postSolution
		SolutionGuid = {02EB9DD4-C2F2-49DA-B63B-304CCA1A50A3}
	EndGlobalSection
EndGlobal
